
Microsoft Visual Studio Solution File, Format Version 12.00
# Visual Studio Version 16
VisualStudioVersion = 16.0.32228.343
MinimumVisualStudioVersion = 10.0.40219.1
Project("{FAE04EC0-301F-11D3-BF4B-00C04F79EFBC}") = "dungcyTH02", "dungcyTH02\dungcyTH02.csproj", "{9C3F59EE-8AF5-4DA3-9ABE-A7FB2B895901}"
EndProject
Global
	GlobalSection(SolutionConfigurationPlatforms) = preSolution
		Debug|Any CPU = Debug|Any CPU
		Release|Any CPU = Release|Any CPU
	EndGlobalSection
	GlobalSection(ProjectConfigurationPlatforms) = postSolution
		{9C3F59EE-8AF5-4DA3-9ABE-A7FB2B895901}.Debug|Any CPU.ActiveCfg = Debug|Any CPU
		{9C3F59EE-8AF5-4DA3-9ABE-A7FB2B895901}.Debug|Any CPU.Build.0 = Debug|Any CPU
		{9C3F59EE-8AF5-4DA3-9ABE-A7FB2B895901}.Release|Any CPU.ActiveCfg = Release|Any CPU
		{9C3F59EE-8AF5-4DA3-9ABE-A7FB2B895901}.Release|Any CPU.Build.0 = Release|Any CPU
	EndGlobalSection
	GlobalSection(SolutionProperties) = preSolution
		HideSolutionNode = FALSE
	EndGlobalSection
	GlobalSection(ExtensibilityGlobals) = postSolution
		SolutionGuid = {C3771AEB-9A1D-4081-94F2-E884BEB53800}
	EndGlobalSection
EndGlobal
